// !$*UTF8*$!
{
	archiveVersion = 1;
	classes = {
	};
	objectVersion = 50;
	objects = {

/* Begin PBXBuildFile section */
		543B429F20D6BFEF000D822E /* AppDelegate.swift in Sources */ = {isa = PBXBuildFile; fileRef = 543B429E20D6BFEF000D822E /* AppDelegate.swift */; };
		543B42A120D6BFEF000D822E /* TodoListViewController.swift in Sources */ = {isa = PBXBuildFile; fileRef = 543B42A020D6BFEF000D822E /* TodoListViewController.swift */; };
		543B42A420D6BFEF000D822E /* Main.storyboard in Resources */ = {isa = PBXBuildFile; fileRef = 543B42A220D6BFEF000D822E /* Main.storyboard */; };
		543B42A620D6BFF0000D822E /* Assets.xcassets in Resources */ = {isa = PBXBuildFile; fileRef = 543B42A520D6BFF0000D822E /* Assets.xcassets */; };
		543B42A920D6BFF0000D822E /* LaunchScreen.storyboard in Resources */ = {isa = PBXBuildFile; fileRef = 543B42A720D6BFF0000D822E /* LaunchScreen.storyboard */; };
		543B42DB20D84D5A000D822E /* CategoryViewController.swift in Sources */ = {isa = PBXBuildFile; fileRef = 543B42DA20D84D5A000D822E /* CategoryViewController.swift */; };
		543B42DF20D85CA5000D822E /* Item.swift in Sources */ = {isa = PBXBuildFile; fileRef = 543B42DE20D85CA5000D822E /* Item.swift */; };
		543B42E120D85CB0000D822E /* Category.swift in Sources */ = {isa = PBXBuildFile; fileRef = 543B42E020D85CB0000D822E /* Category.swift */; };
		543B42E320D8D478000D822E /* SwipeTableViewController.swift in Sources */ = {isa = PBXBuildFile; fileRef = 543B42E220D8D478000D822E /* SwipeTableViewController.swift */; };
		5528891CAF2CC69729113AA2 /* Pods_Todoey.framework in Frameworks */ = {isa = PBXBuildFile; fileRef = CC47AD1756EADC73AE10ACB4 /* Pods_Todoey.framework */; };
/* End PBXBuildFile section */

/* Begin PBXFileReference section */
		20446E3B2782B62AA5F79191 /* Pods-Todoey.debug.xcconfig */ = {isa = PBXFileReference; includeInIndex = 1; lastKnownFileType = text.xcconfig; name = "Pods-Todoey.debug.xcconfig"; path = "Pods/Target Support Files/Pods-Todoey/Pods-Todoey.debug.xcconfig"; sourceTree = "<group>"; };
		543B429B20D6BFEF000D822E /* Todoey.app */ = {isa = PBXFileReference; explicitFileType = wrapper.application; includeInIndex = 0; path = Todoey.app; sourceTree = BUILT_PRODUCTS_DIR; };
		543B429E20D6BFEF000D822E /* AppDelegate.swift */ = {isa = PBXFileReference; lastKnownFileType = sourcecode.swift; path = AppDelegate.swift; sourceTree = "<group>"; };
		543B42A020D6BFEF000D822E /* TodoListViewController.swift */ = {isa = PBXFileReference; lastKnownFileType = sourcecode.swift; path = TodoListViewController.swift; sourceTree = "<group>"; };
		543B42A320D6BFEF000D822E /* Base */ = {isa = PBXFileReference; lastKnownFileType = file.storyboard; name = Base; path = Base.lproj/Main.storyboard; sourceTree = "<group>"; };
		543B42A520D6BFF0000D822E /* Assets.xcassets */ = {isa = PBXFileReference; lastKnownFileType = folder.assetcatalog; path = Assets.xcassets; sourceTree = "<group>"; };
		543B42A820D6BFF0000D822E /* Base */ = {isa = PBXFileReference; lastKnownFileType = file.storyboard; name = Base; path = Base.lproj/LaunchScreen.storyboard; sourceTree = "<group>"; };
		543B42AA20D6BFF0000D822E /* Info.plist */ = {isa = PBXFileReference; lastKnownFileType = text.plist.xml; path = Info.plist; sourceTree = "<group>"; };
		543B42DA20D84D5A000D822E /* CategoryViewController.swift */ = {isa = PBXFileReference; lastKnownFileType = sourcecode.swift; path = CategoryViewController.swift; sourceTree = "<group>"; };
		543B42DE20D85CA5000D822E /* Item.swift */ = {isa = PBXFileReference; lastKnownFileType = sourcecode.swift; path = Item.swift; sourceTree = "<group>"; };
		543B42E020D85CB0000D822E /* Category.swift */ = {isa = PBXFileReference; lastKnownFileType = sourcecode.swift; path = Category.swift; sourceTree = "<group>"; };
		543B42E220D8D478000D822E /* SwipeTableViewController.swift */ = {isa = PBXFileReference; lastKnownFileType = sourcecode.swift; path = SwipeTableViewController.swift; sourceTree = "<group>"; };
		C9E410C7CDFA85AE42D622AB /* Pods-Todoey.release.xcconfig */ = {isa = PBXFileReference; includeInIndex = 1; lastKnownFileType = text.xcconfig; name = "Pods-Todoey.release.xcconfig"; path = "Pods/Target Support Files/Pods-Todoey/Pods-Todoey.release.xcconfig"; sourceTree = "<group>"; };
		CC47AD1756EADC73AE10ACB4 /* Pods_Todoey.framework */ = {isa = PBXFileReference; explicitFileType = wrapper.framework; includeInIndex = 0; path = Pods_Todoey.framework; sourceTree = BUILT_PRODUCTS_DIR; };
/* End PBXFileReference section */

/* Begin PBXFrameworksBuildPhase section */
		543B429820D6BFEF000D822E /* Frameworks */ = {
			isa = PBXFrameworksBuildPhase;
			buildActionMask = 2147483647;
			files = (
				5528891CAF2CC69729113AA2 /* Pods_Todoey.framework in Frameworks */,
			);
			runOnlyForDeploymentPostprocessing = 0;
		};
/* End PBXFrameworksBuildPhase section */

/* Begin PBXGroup section */
		543B429220D6BFEF000D822E = {
			isa = PBXGroup;
			children = (
				543B429D20D6BFEF000D822E /* Todoey */,
				543B429C20D6BFEF000D822E /* Products */,
				E453C4F83B581FCFD76EBFC6 /* Pods */,
				8616FC65FB1B523CD2C5C6F7 /* Frameworks */,
			);
			sourceTree = "<group>";
		};
		543B429C20D6BFEF000D822E /* Products */ = {
			isa = PBXGroup;
			children = (
				543B429B20D6BFEF000D822E /* Todoey.app */,
			);
			name = Products;
			sourceTree = "<group>";
		};
		543B429D20D6BFEF000D822E /* Todoey */ = {
			isa = PBXGroup;
			children = (
				543B42B320D6D167000D822E /* Controllers */,
				543B42B420D6D174000D822E /* Views */,
				543B42B520D6D185000D822E /* Supporting Files */,
				543B42B220D6D156000D822E /* Model */,
			);
			path = Todoey;
			sourceTree = "<group>";
		};
		543B42B220D6D156000D822E /* Model */ = {
			isa = PBXGroup;
			children = (
				543B42DE20D85CA5000D822E /* Item.swift */,
				543B42E020D85CB0000D822E /* Category.swift */,
			);
			path = Model;
			sourceTree = "<group>";
		};
		543B42B320D6D167000D822E /* Controllers */ = {
			isa = PBXGroup;
			children = (
				543B429E20D6BFEF000D822E /* AppDelegate.swift */,
				543B42A020D6BFEF000D822E /* TodoListViewController.swift */,
				543B42DA20D84D5A000D822E /* CategoryViewController.swift */,
				543B42E220D8D478000D822E /* SwipeTableViewController.swift */,
			);
			path = Controllers;
			sourceTree = "<group>";
		};
		543B42B420D6D174000D822E /* Views */ = {
			isa = PBXGroup;
			children = (
				543B42A220D6BFEF000D822E /* Main.storyboard */,
				543B42A720D6BFF0000D822E /* LaunchScreen.storyboard */,
			);
			path = Views;
			sourceTree = "<group>";
		};
		543B42B520D6D185000D822E /* Supporting Files */ = {
			isa = PBXGroup;
			children = (
				543B42A520D6BFF0000D822E /* Assets.xcassets */,
				543B42AA20D6BFF0000D822E /* Info.plist */,
			);
			path = "Supporting Files";
			sourceTree = "<group>";
		};
		8616FC65FB1B523CD2C5C6F7 /* Frameworks */ = {
			isa = PBXGroup;
			children = (
				CC47AD1756EADC73AE10ACB4 /* Pods_Todoey.framework */,
			);
			name = Frameworks;
			sourceTree = "<group>";
		};
		E453C4F83B581FCFD76EBFC6 /* Pods */ = {
			isa = PBXGroup;
			children = (
				20446E3B2782B62AA5F79191 /* Pods-Todoey.debug.xcconfig */,
				C9E410C7CDFA85AE42D622AB /* Pods-Todoey.release.xcconfig */,
			);
			name = Pods;
			sourceTree = "<group>";
		};
/* End PBXGroup section */

/* Begin PBXNativeTarget section */
		543B429A20D6BFEF000D822E /* Todoey */ = {
			isa = PBXNativeTarget;
			buildConfigurationList = 543B42AD20D6BFF0000D822E /* Build configuration list for PBXNativeTarget "Todoey" */;
			buildPhases = (
				DACDF8ADBA31E7D4AF22410B /* [CP] Check Pods Manifest.lock */,
				543B429720D6BFEF000D822E /* Sources */,
				543B429820D6BFEF000D822E /* Frameworks */,
				543B429920D6BFEF000D822E /* Resources */,
				0D93E8D4A15A3F0E63D2A1D0 /* [CP] Embed Pods Frameworks */,
			);
			buildRules = (
			);
			dependencies = (
			);
			name = Todoey;
			productName = Todoey;
			productReference = 543B429B20D6BFEF000D822E /* Todoey.app */;
			productType = "com.apple.product-type.application";
		};
/* End PBXNativeTarget section */

/* Begin PBXProject section */
		543B429320D6BFEF000D822E /* Project object */ = {
			isa = PBXProject;
			attributes = {
				LastSwiftUpdateCheck = 1000;
				LastUpgradeCheck = 1000;
				ORGANIZATIONNAME = "Iurii Plugatarov";
				TargetAttributes = {
					543B429A20D6BFEF000D822E = {
						CreatedOnToolsVersion = 10.0;
					};
				};
			};
			buildConfigurationList = 543B429620D6BFEF000D822E /* Build configuration list for PBXProject "Todoey" */;
			compatibilityVersion = "Xcode 9.3";
			developmentRegion = en;
			hasScannedForEncodings = 0;
			knownRegions = (
				en,
				Base,
			);
			mainGroup = 543B429220D6BFEF000D822E;
			productRefGroup = 543B429C20D6BFEF000D822E /* Products */;
			projectDirPath = "";
			projectRoot = "";
			targets = (
				543B429A20D6BFEF000D822E /* Todoey */,
			);
		};
/* End PBXProject section */

/* Begin PBXResourcesBuildPhase section */
		543B429920D6BFEF000D822E /* Resources */ = {
			isa = PBXResourcesBuildPhase;
			buildActionMask = 2147483647;
			files = (
				543B42A920D6BFF0000D822E /* LaunchScreen.storyboard in Resources */,
				543B42A620D6BFF0000D822E /* Assets.xcassets in Resources */,
				543B42A420D6BFEF000D822E /* Main.storyboard in Resources */,
			);
			runOnlyForDeploymentPostprocessing = 0;
		};
/* End PBXResourcesBuildPhase section */

/* Begin PBXShellScriptBuildPhase section */
		0D93E8D4A15A3F0E63D2A1D0 /* [CP] Embed Pods Frameworks */ = {
			isa = PBXShellScriptBuildPhase;
			buildActionMask = 2147483647;
			files = (
			);
			inputPaths = (
				"${SRCROOT}/Pods/Target Support Files/Pods-Todoey/Pods-Todoey-frameworks.sh",
				"${BUILT_PRODUCTS_DIR}/ChameleonFramework/ChameleonFramework.framework",
				"${BUILT_PRODUCTS_DIR}/Realm/Realm.framework",
				"${BUILT_PRODUCTS_DIR}/RealmSwift/RealmSwift.framework",
				"${BUILT_PRODUCTS_DIR}/SwipeCellKit/SwipeCellKit.framework",
			);
			name = "[CP] Embed Pods Frameworks";
			outputPaths = (
				"${TARGET_BUILD_DIR}/${FRAMEWORKS_FOLDER_PATH}/ChameleonFramework.framework",
				"${TARGET_BUILD_DIR}/${FRAMEWORKS_FOLDER_PATH}/Realm.framework",
				"${TARGET_BUILD_DIR}/${FRAMEWORKS_FOLDER_PATH}/RealmSwift.framework",
				"${TARGET_BUILD_DIR}/${FRAMEWORKS_FOLDER_PATH}/SwipeCellKit.framework",
			);
			runOnlyForDeploymentPostprocessing = 0;
			shellPath = /bin/sh;
			shellScript = "\"${SRCROOT}/Pods/Target Support Files/Pods-Todoey/Pods-Todoey-frameworks.sh\"\n";
			showEnvVarsInLog = 0;
		};
		DACDF8ADBA31E7D4AF22410B /* [CP] Check Pods Manifest.lock */ = {
			isa = PBXShellScriptBuildPhase;
			buildActionMask = 2147483647;
			files = (
			);
			inputPaths = (
				"${PODS_PODFILE_DIR_PATH}/Podfile.lock",
				"${PODS_ROOT}/Manifest.lock",
			);
			name = "[CP] Check Pods Manifest.lock";
			outputPaths = (
				"$(DERIVED_FILE_DIR)/Pods-Todoey-checkManifestLockResult.txt",
			);
			runOnlyForDeploymentPostprocessing = 0;
			shellPath = /bin/sh;
			shellScript = "diff \"${PODS_PODFILE_DIR_PATH}/Podfile.lock\" \"${PODS_ROOT}/Manifest.lock\" > /dev/null\nif [ $? != 0 ] ; then\n    # print error to STDERR\n    echo \"error: The sandbox is not in sync with the Podfile.lock. Run 'pod install' or update your CocoaPods installation.\" >&2\n    exit 1\nfi\n# This output is used by Xcode 'outputs' to avoid re-running this script phase.\necho \"SUCCESS\" > \"${SCRIPT_OUTPUT_FILE_0}\"\n";
			showEnvVarsInLog = 0;
		};
/* End PBXShellScriptBuildPhase section */

/* Begin PBXSourcesBuildPhase section */
		543B429720D6BFEF000D822E /* Sources */ = {
			isa = PBXSourcesBuildPhase;
			buildActionMask = 2147483647;
			files = (
				543B42DF20D85CA5000D822E /* Item.swift in Sources */,
				543B42DB20D84D5A000D822E /* CategoryViewController.swift in Sources */,
				543B42A120D6BFEF000D822E /* TodoListViewController.swift in Sources */,
				543B429F20D6BFEF000D822E /* AppDelegate.swift in Sources */,
				543B42E320D8D478000D822E /* SwipeTableViewController.swift in Sources */,
				543B42E120D85CB0000D822E /* Category.swift in Sources */,
			);
			runOnlyForDeploymentPostprocessing = 0;
		};
/* End PBXSourcesBuildPhase section */

/* Begin PBXVariantGroup section */
		543B42A220D6BFEF000D822E /* Main.storyboard */ = {
			isa = PBXVariantGroup;
			children = (
				543B42A320D6BFEF000D822E /* Base */,
			);
			name = Main.storyboard;
			sourceTree = "<group>";
		};
		543B42A720D6BFF0000D822E /* LaunchScreen.storyboard */ = {
			isa = PBXVariantGroup;
			children = (
				543B42A820D6BFF0000D822E /* Base */,
			);
			name = LaunchScreen.storyboard;
			sourceTree = "<group>";
		};
/* End PBXVariantGroup section */

/* Begin XCBuildConfiguration section */
		543B42AB20D6BFF0000D822E /* Debug */ = {
			isa = XCBuildConfiguration;
			buildSettings = {
				ALWAYS_SEARCH_USER_PATHS = NO;
				CLANG_ANALYZER_NONNULL = YES;
				CLANG_ANALYZER_NUMBER_OBJECT_CONVERSION = YES_AGGRESSIVE;
				CLANG_CXX_LANGUAGE_STANDARD = "gnu++14";
				CLANG_CXX_LIBRARY = "libc++";
				CLANG_ENABLE_MODULES = YES;
				CLANG_ENABLE_OBJC_ARC = YES;
				CLANG_ENABLE_OBJC_WEAK = YES;
				CLANG_WARN_BLOCK_CAPTURE_AUTORELEASING = YES;
				CLANG_WARN_BOOL_CONVERSION = YES;
				CLANG_WARN_COMMA = YES;
				CLANG_WARN_CONSTANT_CONVERSION = YES;
				CLANG_WARN_DEPRECATED_OBJC_IMPLEMENTATIONS = YES;
				CLANG_WARN_DIRECT_OBJC_ISA_USAGE = YES_ERROR;
				CLANG_WARN_DOCUMENTATION_COMMENTS = YES;
				CLANG_WARN_EMPTY_BODY = YES;
				CLANG_WARN_ENUM_CONVERSION = YES;
				CLANG_WARN_INFINITE_RECURSION = YES;
				CLANG_WARN_INT_CONVERSION = YES;
				CLANG_WARN_NON_LITERAL_NULL_CONVERSION = YES;
				CLANG_WARN_OBJC_IMPLICIT_RETAIN_SELF = YES;
				CLANG_WARN_OBJC_LITERAL_CONVERSION = YES;
				CLANG_WARN_OBJC_ROOT_CLASS = YES_ERROR;
				CLANG_WARN_RANGE_LOOP_ANALYSIS = YES;
				CLANG_WARN_STRICT_PROTOTYPES = YES;
				CLANG_WARN_SUSPICIOUS_MOVE = YES;
				CLANG_WARN_UNGUARDED_AVAILABILITY = YES_AGGRESSIVE;
				CLANG_WARN_UNREACHABLE_CODE = YES;
				CLANG_WARN__DUPLICATE_METHOD_MATCH = YES;
				CODE_SIGN_IDENTITY = "iPhone Developer";
				COPY_PHASE_STRIP = NO;
				DEBUG_INFORMATION_FORMAT = dwarf;
				ENABLE_STRICT_OBJC_MSGSEND = YES;
				ENABLE_TESTABILITY = YES;
				GCC_C_LANGUAGE_STANDARD = gnu11;
				GCC_DYNAMIC_NO_PIC = NO;
				GCC_NO_COMMON_BLOCKS = YES;
				GCC_OPTIMIZATION_LEVEL = 0;
				GCC_PREPROCESSOR_DEFINITIONS = (
					"DEBUG=1",
					"$(inherited)",
				);
				GCC_WARN_64_TO_32_BIT_CONVERSION = YES;
				GCC_WARN_ABOUT_RETURN_TYPE = YES_ERROR;
				GCC_WARN_UNDECLARED_SELECTOR = YES;
				GCC_WARN_UNINITIALIZED_AUTOS = YES_AGGRESSIVE;
				GCC_WARN_UNUSED_FUNCTION = YES;
				GCC_WARN_UNUSED_VARIABLE = YES;
				IPHONEOS_DEPLOYMENT_TARGET = 12.0;
				MTL_ENABLE_DEBUG_INFO = INCLUDE_SOURCE;
				ONLY_ACTIVE_ARCH = YES;
				SDKROOT = iphoneos;
				SWIFT_ACTIVE_COMPILATION_CONDITIONS = DEBUG;
				SWIFT_OPTIMIZATION_LEVEL = "-Onone";
			};
			name = Debug;
		};
		543B42AC20D6BFF0000D822E /* Release */ = {
			isa = XCBuildConfiguration;
			buildSettings = {
				ALWAYS_SEARCH_USER_PATHS = NO;
				CLANG_ANALYZER_NONNULL = YES;
				CLANG_ANALYZER_NUMBER_OBJECT_CONVERSION = YES_AGGRESSIVE;
				CLANG_CXX_LANGUAGE_STANDARD = "gnu++14";
				CLANG_CXX_LIBRARY = "libc++";
				CLANG_ENABLE_MODULES = YES;
				CLANG_ENABLE_OBJC_ARC = YES;
				CLANG_ENABLE_OBJC_WEAK = YES;
				CLANG_WARN_BLOCK_CAPTURE_AUTORELEASING = YES;
				CLANG_WARN_BOOL_CONVERSION = YES;
				CLANG_WARN_COMMA = YES;
				CLANG_WARN_CONSTANT_CONVERSION = YES;
				CLANG_WARN_DEPRECATED_OBJC_IMPLEMENTATIONS = YES;
				CLANG_WARN_DIRECT_OBJC_ISA_USAGE = YES_ERROR;
				CLANG_WARN_DOCUMENTATION_COMMENTS = YES;
				CLANG_WARN_EMPTY_BODY = YES;
				CLANG_WARN_ENUM_CONVERSION = YES;
				CLANG_WARN_INFINITE_RECURSION = YES;
				CLANG_WARN_INT_CONVERSION = YES;
				CLANG_WARN_NON_LITERAL_NULL_CONVERSION = YES;
				CLANG_WARN_OBJC_IMPLICIT_RETAIN_SELF = YES;
				CLANG_WARN_OBJC_LITERAL_CONVERSION = YES;
				CLANG_WARN_OBJC_ROOT_CLASS = YES_ERROR;
				CLANG_WARN_RANGE_LOOP_ANALYSIS = YES;
				CLANG_WARN_STRICT_PROTOTYPES = YES;
				CLANG_WARN_SUSPICIOUS_MOVE = YES;
				CLANG_WARN_UNGUARDED_AVAILABILITY = YES_AGGRESSIVE;
				CLANG_WARN_UNREACHABLE_CODE = YES;
				CLANG_WARN__DUPLICATE_METHOD_MATCH = YES;
				CODE_SIGN_IDENTITY = "iPhone Developer";
				COPY_PHASE_STRIP = NO;
				DEBUG_INFORMATION_FORMAT = "dwarf-with-dsym";
				ENABLE_NS_ASSERTIONS = NO;
				ENABLE_STRICT_OBJC_MSGSEND = YES;
				GCC_C_LANGUAGE_STANDARD = gnu11;
				GCC_NO_COMMON_BLOCKS = YES;
				GCC_WARN_64_TO_32_BIT_CONVERSION = YES;
				GCC_WARN_ABOUT_RETURN_TYPE = YES_ERROR;
				GCC_WARN_UNDECLARED_SELECTOR = YES;
				GCC_WARN_UNINITIALIZED_AUTOS = YES_AGGRESSIVE;
				GCC_WARN_UNUSED_FUNCTION = YES;
				GCC_WARN_UNUSED_VARIABLE = YES;
				IPHONEOS_DEPLOYMENT_TARGET = 12.0;
				MTL_ENABLE_DEBUG_INFO = NO;
				SDKROOT = iphoneos;
				SWIFT_COMPILATION_MODE = wholemodule;
				SWIFT_OPTIMIZATION_LEVEL = "-O";
				VALIDATE_PRODUCT = YES;
			};
			name = Release;
		};
		543B42AE20D6BFF0000D822E /* Debug */ = {
			isa = XCBuildConfiguration;
			baseConfigurationReference = 20446E3B2782B62AA5F79191 /* Pods-Todoey.debug.xcconfig */;
			buildSettings = {
				ASSETCATALOG_COMPILER_APPICON_NAME = AppIcon;
				CODE_SIGN_STYLE = Automatic;
				DEVELOPMENT_TEAM = 8JBWA7TF89;
				INFOPLIST_FILE = "$(SRCROOT)/Todoey/Supporting Files/Info.plist";
				LD_RUNPATH_SEARCH_PATHS = (
					"$(inherited)",
					"@executable_path/Frameworks",
				);
				PRODUCT_BUNDLE_IDENTIFIER = makefunstuff.Todoey;
				PRODUCT_NAME = "$(TARGET_NAME)";
				SWIFT_VERSION = 4.2;
				TARGETED_DEVICE_FAMILY = "1,2";
			};
			name = Debug;
		};
		543B42AF20D6BFF0000D822E /* Release */ = {
			isa = XCBuildConfiguration;
			baseConfigurationReference = C9E410C7CDFA85AE42D622AB /* Pods-Todoey.release.xcconfig */;
			buildSettings = {
				ASSETCATALOG_COMPILER_APPICON_NAME = AppIcon;
				CODE_SIGN_STYLE = Automatic;
				DEVELOPMENT_TEAM = 8JBWA7TF89;
				INFOPLIST_FILE = "$(SRCROOT)/Todoey/Supporting Files/Info.plist";
				LD_RUNPATH_SEARCH_PATHS = (
					"$(inherited)",
					"@executable_path/Frameworks",
				);
				PRODUCT_BUNDLE_IDENTIFIER = makefunstuff.Todoey;
				PRODUCT_NAME = "$(TARGET_NAME)";
				SWIFT_VERSION = 4.2;
				TARGETED_DEVICE_FAMILY = "1,2";
			};
			name = Release;
		};
/* End XCBuildConfiguration section */

/* Begin XCConfigurationList section */
		543B429620D6BFEF000D822E /* Build configuration list for PBXProject "Todoey" */ = {
			isa = XCConfigurationList;
			buildConfigurations = (
				543B42AB20D6BFF0000D822E /* Debug */,
				543B42AC20D6BFF0000D822E /* Release */,
			);
			defaultConfigurationIsVisible = 0;
			defaultConfigurationName = Release;
		};
		543B42AD20D6BFF0000D822E /* Build configuration list for PBXNativeTarget "Todoey" */ = {
			isa = XCConfigurationList;
			buildConfigurations = (
				543B42AE20D6BFF0000D822E /* Debug */,
				543B42AF20D6BFF0000D822E /* Release */,
			);
			defaultConfigurationIsVisible = 0;
			defaultConfigurationName = Release;
		};
/* End XCConfigurationList section */
	};
	rootObject = 543B429320D6BFEF000D822E /* Project object */;
}
